
Microsoft Visual Studio Solution File, Format Version 12.00
# Visual Studio Version 17
VisualStudioVersion = 17.0.31903.59
MinimumVisualStudioVersion = 10.0.40219.1
Project("{FAE04EC0-301F-11D3-BF4B-00C04F79EFBC}") = "QuickApp.Order.Contracts", "QuickApp.Order.Contracts\QuickApp.Order.Contracts.csproj", "{5D4A9778-5D8B-4A12-8BF0-18ACC7AA43F5}"
EndProject
Project("{FAE04EC0-301F-11D3-BF4B-00C04F79EFBC}") = "QuickApp.Order.Service", "QuickApp.Order.Service\QuickApp.Order.Service.csproj", "{8D878FD7-5584-46A1-A22A-AF6C44C309F5}"
EndProject
Project("{FAE04EC0-301F-11D3-BF4B-00C04F79EFBC}") = "QuickApp.Order.Tests", "QuickApp.Order.Tests\QuickApp.Order.Tests.csproj", "{8A342588-3B88-452D-931B-61596187F0F6}"
EndProject
Global
	GlobalSection(SolutionConfigurationPlatforms) = preSolution
		Debug|Any CPU = Debug|Any CPU
		Debug|x64 = Debug|x64
		Debug|x86 = Debug|x86
		Release|Any CPU = Release|Any CPU
		Release|x64 = Release|x64
		Release|x86 = Release|x86
	EndGlobalSection
	GlobalSection(ProjectConfigurationPlatforms) = postSolution
		{5D4A9778-5D8B-4A12-8BF0-18ACC7AA43F5}.Debug|Any CPU.ActiveCfg = Debug|Any CPU
		{5D4A9778-5D8B-4A12-8BF0-18ACC7AA43F5}.Debug|Any CPU.Build.0 = Debug|Any CPU
		{5D4A9778-5D8B-4A12-8BF0-18ACC7AA43F5}.Debug|x64.ActiveCfg = Debug|Any CPU
		{5D4A9778-5D8B-4A12-8BF0-18ACC7AA43F5}.Debug|x64.Build.0 = Debug|Any CPU
		{5D4A9778-5D8B-4A12-8BF0-18ACC7AA43F5}.Debug|x86.ActiveCfg = Debug|Any CPU
		{5D4A9778-5D8B-4A12-8BF0-18ACC7AA43F5}.Debug|x86.Build.0 = Debug|Any CPU
		{5D4A9778-5D8B-4A12-8BF0-18ACC7AA43F5}.Release|Any CPU.ActiveCfg = Release|Any CPU
		{5D4A9778-5D8B-4A12-8BF0-18ACC7AA43F5}.Release|Any CPU.Build.0 = Release|Any CPU
		{5D4A9778-5D8B-4A12-8BF0-18ACC7AA43F5}.Release|x64.ActiveCfg = Release|Any CPU
		{5D4A9778-5D8B-4A12-8BF0-18ACC7AA43F5}.Release|x64.Build.0 = Release|Any CPU
		{5D4A9778-5D8B-4A12-8BF0-18ACC7AA43F5}.Release|x86.ActiveCfg = Release|Any CPU
		{5D4A9778-5D8B-4A12-8BF0-18ACC7AA43F5}.Release|x86.Build.0 = Release|Any CPU
		{8D878FD7-5584-46A1-A22A-AF6C44C309F5}.Debug|Any CPU.ActiveCfg = Debug|Any CPU
		{8D878FD7-5584-46A1-A22A-AF6C44C309F5}.Debug|Any CPU.Build.0 = Debug|Any CPU
		{8D878FD7-5584-46A1-A22A-AF6C44C309F5}.Debug|x64.ActiveCfg = Debug|Any CPU
		{8D878FD7-5584-46A1-A22A-AF6C44C309F5}.Debug|x64.Build.0 = Debug|Any CPU
		{8D878FD7-5584-46A1-A22A-AF6C44C309F5}.Debug|x86.ActiveCfg = Debug|Any CPU
		{8D878FD7-5584-46A1-A22A-AF6C44C309F5}.Debug|x86.Build.0 = Debug|Any CPU
		{8D878FD7-5584-46A1-A22A-AF6C44C309F5}.Release|Any CPU.ActiveCfg = Release|Any CPU
		{8D878FD7-5584-46A1-A22A-AF6C44C309F5}.Release|Any CPU.Build.0 = Release|Any CPU
		{8D878FD7-5584-46A1-A22A-AF6C44C309F5}.Release|x64.ActiveCfg = Release|Any CPU
		{8D878FD7-5584-46A1-A22A-AF6C44C309F5}.Release|x64.Build.0 = Release|Any CPU
		{8D878FD7-5584-46A1-A22A-AF6C44C309F5}.Release|x86.ActiveCfg = Release|Any CPU
		{8D878FD7-5584-46A1-A22A-AF6C44C309F5}.Release|x86.Build.0 = Release|Any CPU
		{8A342588-3B88-452D-931B-61596187F0F6}.Debug|Any CPU.ActiveCfg = Debug|Any CPU
		{8A342588-3B88-452D-931B-61596187F0F6}.Debug|Any CPU.Build.0 = Debug|Any CPU
		{8A342588-3B88-452D-931B-61596187F0F6}.Debug|x64.ActiveCfg = Debug|Any CPU
		{8A342588-3B88-452D-931B-61596187F0F6}.Debug|x64.Build.0 = Debug|Any CPU
		{8A342588-3B88-452D-931B-61596187F0F6}.Debug|x86.ActiveCfg = Debug|Any CPU
		{8A342588-3B88-452D-931B-61596187F0F6}.Debug|x86.Build.0 = Debug|Any CPU
		{8A342588-3B88-452D-931B-61596187F0F6}.Release|Any CPU.ActiveCfg = Release|Any CPU
		{8A342588-3B88-452D-931B-61596187F0F6}.Release|Any CPU.Build.0 = Release|Any CPU
		{8A342588-3B88-452D-931B-61596187F0F6}.Release|x64.ActiveCfg = Release|Any CPU
		{8A342588-3B88-452D-931B-61596187F0F6}.Release|x64.Build.0 = Release|Any CPU
		{8A342588-3B88-452D-931B-61596187F0F6}.Release|x86.ActiveCfg = Release|Any CPU
		{8A342588-3B88-452D-931B-61596187F0F6}.Release|x86.Build.0 = Release|Any CPU
	EndGlobalSection
	GlobalSection(SolutionProperties) = preSolution
		HideSolutionNode = FALSE
	EndGlobalSection
EndGlobal
